
Microsoft Visual Studio Solution File, Format Version 12.00
# Visual Studio Version 16
VisualStudioVersion = 16.0.31005.135
MinimumVisualStudioVersion = 10.0.40219.1
Project("{FAE04EC0-301F-11D3-BF4B-00C04F79EFBC}") = "Решение квадратного уравнения", "Решение квадратного уравнения\Решение квадратного уравнения.csproj", "{D4831C3E-900E-4A61-90DB-A2E20BDA4D37}"
EndProject
Project("{FAE04EC0-301F-11D3-BF4B-00C04F79EFBC}") = "UnitTestProject1", "UnitTestProject1\UnitTestProject1.csproj", "{5269BC5A-6E6C-487D-BB09-1359B71DB7B7}"
EndProject
Global
	GlobalSection(SolutionConfigurationPlatforms) = preSolution
		Debug|Any CPU = Debug|Any CPU
		Release|Any CPU = Release|Any CPU
	EndGlobalSection
	GlobalSection(ProjectConfigurationPlatforms) = postSolution
		{D4831C3E-900E-4A61-90DB-A2E20BDA4D37}.Debug|Any CPU.ActiveCfg = Debug|Any CPU
		{D4831C3E-900E-4A61-90DB-A2E20BDA4D37}.Debug|Any CPU.Build.0 = Debug|Any CPU
		{D4831C3E-900E-4A61-90DB-A2E20BDA4D37}.Release|Any CPU.ActiveCfg = Release|Any CPU
		{D4831C3E-900E-4A61-90DB-A2E20BDA4D37}.Release|Any CPU.Build.0 = Release|Any CPU
		{5269BC5A-6E6C-487D-BB09-1359B71DB7B7}.Debug|Any CPU.ActiveCfg = Debug|Any CPU
		{5269BC5A-6E6C-487D-BB09-1359B71DB7B7}.Debug|Any CPU.Build.0 = Debug|Any CPU
		{5269BC5A-6E6C-487D-BB09-1359B71DB7B7}.Release|Any CPU.ActiveCfg = Release|Any CPU
		{5269BC5A-6E6C-487D-BB09-1359B71DB7B7}.Release|Any CPU.Build.0 = Release|Any CPU
	EndGlobalSection
	GlobalSection(SolutionProperties) = preSolution
		HideSolutionNode = FALSE
	EndGlobalSection
	GlobalSection(ExtensibilityGlobals) = postSolution
		SolutionGuid = {03D4F605-9BBD-4474-9EA4-8545A69FDE36}
	EndGlobalSection
EndGlobal
